// !$*UTF8*$!
{
	archiveVersion = 1;
	classes = {
	};
	objectVersion = 50;
	objects = {

/* Begin PBXBuildFile section */
		A30A145C22CAE67600252DC6 /* TextPage.swift in Sources */ = {isa = PBXBuildFile; fileRef = A30A145B22CAE67600252DC6 /* TextPage.swift */; };
		A30A145E22CAF02600252DC6 /* ButtonPage.swift in Sources */ = {isa = PBXBuildFile; fileRef = A30A145D22CAF02600252DC6 /* ButtonPage.swift */; };
		A30A146022CAF0F700252DC6 /* HelloWorldPage.swift in Sources */ = {isa = PBXBuildFile; fileRef = A30A145F22CAF0F700252DC6 /* HelloWorldPage.swift */; };
		A30A146222CAF5EE00252DC6 /* TextFieldPage.swift in Sources */ = {isa = PBXBuildFile; fileRef = A30A146122CAF5EE00252DC6 /* TextFieldPage.swift */; };
		A30A147B22CB029800252DC6 /* hiddenlake.jpg in Resources */ = {isa = PBXBuildFile; fileRef = A30A146922CB029600252DC6 /* hiddenlake.jpg */; };
		A30A147C22CB029800252DC6 /* chincoteague.jpg in Resources */ = {isa = PBXBuildFile; fileRef = A30A146A22CB029600252DC6 /* chincoteague.jpg */; };
		A30A147D22CB029800252DC6 /* umbagog.jpg in Resources */ = {isa = PBXBuildFile; fileRef = A30A146B22CB029600252DC6 /* umbagog.jpg */; };
		A30A147E22CB029800252DC6 /* charleyrivers.jpg in Resources */ = {isa = PBXBuildFile; fileRef = A30A146C22CB029600252DC6 /* charleyrivers.jpg */; };
		A30A147F22CB029800252DC6 /* landmarkData.json in Resources */ = {isa = PBXBuildFile; fileRef = A30A146D22CB029600252DC6 /* landmarkData.json */; };
		A30A148022CB029800252DC6 /* turtlerock_feature.jpg in Resources */ = {isa = PBXBuildFile; fileRef = A30A146E22CB029700252DC6 /* turtlerock_feature.jpg */; };
		A30A148122CB029800252DC6 /* silversalmoncreek.jpg in Resources */ = {isa = PBXBuildFile; fileRef = A30A146F22CB029700252DC6 /* silversalmoncreek.jpg */; };
		A30A148222CB029800252DC6 /* stmarylake.jpg in Resources */ = {isa = PBXBuildFile; fileRef = A30A147022CB029700252DC6 /* stmarylake.jpg */; };
		A30A148322CB029800252DC6 /* icybay.jpg in Resources */ = {isa = PBXBuildFile; fileRef = A30A147122CB029700252DC6 /* icybay.jpg */; };
		A30A148422CB029800252DC6 /* rainbowlake.jpg in Resources */ = {isa = PBXBuildFile; fileRef = A30A147222CB029700252DC6 /* rainbowlake.jpg */; };
		A30A148522CB029800252DC6 /* charleyrivers_feature.jpg in Resources */ = {isa = PBXBuildFile; fileRef = A30A147322CB029700252DC6 /* charleyrivers_feature.jpg */; };
		A30A148622CB029800252DC6 /* turtlerock.jpg in Resources */ = {isa = PBXBuildFile; fileRef = A30A147422CB029700252DC6 /* turtlerock.jpg */; };
		A30A148722CB029800252DC6 /* twinlake.jpg in Resources */ = {isa = PBXBuildFile; fileRef = A30A147522CB029700252DC6 /* twinlake.jpg */; };
		A30A148822CB029800252DC6 /* hikeData.json in Resources */ = {isa = PBXBuildFile; fileRef = A30A147622CB029700252DC6 /* hikeData.json */; };
		A30A148922CB029800252DC6 /* chilkoottrail.jpg in Resources */ = {isa = PBXBuildFile; fileRef = A30A147722CB029700252DC6 /* chilkoottrail.jpg */; };
		A30A148A22CB029800252DC6 /* lakemcdonald.jpg in Resources */ = {isa = PBXBuildFile; fileRef = A30A147822CB029800252DC6 /* lakemcdonald.jpg */; };
		A30A148B22CB029800252DC6 /* yukon_charleyrivers.jpg in Resources */ = {isa = PBXBuildFile; fileRef = A30A147922CB029800252DC6 /* yukon_charleyrivers.jpg */; };
		A30A148C22CB029800252DC6 /* stmarylake_feature.jpg in Resources */ = {isa = PBXBuildFile; fileRef = A30A147A22CB029800252DC6 /* stmarylake_feature.jpg */; };
		A30A149122CB02AD00252DC6 /* Hike.swift in Sources */ = {isa = PBXBuildFile; fileRef = A30A148D22CB02AC00252DC6 /* Hike.swift */; };
		A30A149222CB02AD00252DC6 /* Landmark.swift in Sources */ = {isa = PBXBuildFile; fileRef = A30A148E22CB02AC00252DC6 /* Landmark.swift */; };
		A30A149322CB02AD00252DC6 /* UserData.swift in Sources */ = {isa = PBXBuildFile; fileRef = A30A148F22CB02AD00252DC6 /* UserData.swift */; };
		A30A149422CB02AD00252DC6 /* Data.swift in Sources */ = {isa = PBXBuildFile; fileRef = A30A149022CB02AD00252DC6 /* Data.swift */; };
		A30A149622CB02CD00252DC6 /* CategoryHome.swift in Sources */ = {isa = PBXBuildFile; fileRef = A30A149522CB02CD00252DC6 /* CategoryHome.swift */; };
		A30A149822CB02D800252DC6 /* LandmarkDetail.swift in Sources */ = {isa = PBXBuildFile; fileRef = A30A149722CB02D800252DC6 /* LandmarkDetail.swift */; };
		A30A149A22CB02ED00252DC6 /* LandmarkList.swift in Sources */ = {isa = PBXBuildFile; fileRef = A30A149922CB02ED00252DC6 /* LandmarkList.swift */; };
		A30A149C22CB02F200252DC6 /* Badge.swift in Sources */ = {isa = PBXBuildFile; fileRef = A30A149B22CB02F200252DC6 /* Badge.swift */; };
		A30A149E22CB02F600252DC6 /* HikeView.swift in Sources */ = {isa = PBXBuildFile; fileRef = A30A149D22CB02F600252DC6 /* HikeView.swift */; };
		A30A14A022CB02F900252DC6 /* HikeDetail.swift in Sources */ = {isa = PBXBuildFile; fileRef = A30A149F22CB02F900252DC6 /* HikeDetail.swift */; };
		A30A14A222CB030100252DC6 /* PathAndShapes.swift in Sources */ = {isa = PBXBuildFile; fileRef = A30A14A122CB030100252DC6 /* PathAndShapes.swift */; };
		A30A14A422CB030C00252DC6 /* PageViewController.swift in Sources */ = {isa = PBXBuildFile; fileRef = A30A14A322CB030C00252DC6 /* PageViewController.swift */; };
		A30A14A622CB031300252DC6 /* PageView.swift in Sources */ = {isa = PBXBuildFile; fileRef = A30A14A522CB031300252DC6 /* PageView.swift */; };
		A30A14A822CB031800252DC6 /* PageControl.swift in Sources */ = {isa = PBXBuildFile; fileRef = A30A14A722CB031800252DC6 /* PageControl.swift */; };
		A30A14AA22CB031B00252DC6 /* FeatureCard.swift in Sources */ = {isa = PBXBuildFile; fileRef = A30A14A922CB031B00252DC6 /* FeatureCard.swift */; };
		A30A14B022CB034500252DC6 /* ProfileSummary.swift in Sources */ = {isa = PBXBuildFile; fileRef = A30A14AC22CB034500252DC6 /* ProfileSummary.swift */; };
		A30A14B122CB034500252DC6 /* Profile.swift in Sources */ = {isa = PBXBuildFile; fileRef = A30A14AD22CB034500252DC6 /* Profile.swift */; };
		A30A14B222CB034500252DC6 /* ProfileEditor.swift in Sources */ = {isa = PBXBuildFile; fileRef = A30A14AE22CB034500252DC6 /* ProfileEditor.swift */; };
		A30A14B322CB034500252DC6 /* ProfileHost.swift in Sources */ = {isa = PBXBuildFile; fileRef = A30A14AF22CB034500252DC6 /* ProfileHost.swift */; };
		A30A14BC22CB037800252DC6 /* LandmarkRow.swift in Sources */ = {isa = PBXBuildFile; fileRef = A30A14B422CB037700252DC6 /* LandmarkRow.swift */; };
		A30A14BD22CB037800252DC6 /* HikeBadge.swift in Sources */ = {isa = PBXBuildFile; fileRef = A30A14B522CB037700252DC6 /* HikeBadge.swift */; };
		A30A14BE22CB037800252DC6 /* BadgeBackground.swift in Sources */ = {isa = PBXBuildFile; fileRef = A30A14B622CB037700252DC6 /* BadgeBackground.swift */; };
		A30A14BF22CB037800252DC6 /* MapView.swift in Sources */ = {isa = PBXBuildFile; fileRef = A30A14B722CB037700252DC6 /* MapView.swift */; };
		A30A14C022CB037800252DC6 /* GraphCapsule.swift in Sources */ = {isa = PBXBuildFile; fileRef = A30A14B822CB037700252DC6 /* GraphCapsule.swift */; };
		A30A14C122CB037800252DC6 /* CategoryRow.swift in Sources */ = {isa = PBXBuildFile; fileRef = A30A14B922CB037700252DC6 /* CategoryRow.swift */; };
		A30A14C222CB037800252DC6 /* CircleImage.swift in Sources */ = {isa = PBXBuildFile; fileRef = A30A14BA22CB037800252DC6 /* CircleImage.swift */; };
		A30A14C322CB037800252DC6 /* HikeGraph.swift in Sources */ = {isa = PBXBuildFile; fileRef = A30A14BB22CB037800252DC6 /* HikeGraph.swift */; };
		A30A14C622CB03B700252DC6 /* HexagonParameters.swift in Sources */ = {isa = PBXBuildFile; fileRef = A30A14C522CB03B700252DC6 /* HexagonParameters.swift */; };
		A30A14C822CB2ED900252DC6 /* ImagePage.swift in Sources */ = {isa = PBXBuildFile; fileRef = A30A14C722CB2ED900252DC6 /* ImagePage.swift */; };
		A30D5A2C22C9FB98004A04CD /* AppDelegate.swift in Sources */ = {isa = PBXBuildFile; fileRef = A30D5A2B22C9FB98004A04CD /* AppDelegate.swift */; };
		A30D5A2E22C9FB98004A04CD /* SceneDelegate.swift in Sources */ = {isa = PBXBuildFile; fileRef = A30D5A2D22C9FB98004A04CD /* SceneDelegate.swift */; };
		A30D5A3122C9FB98004A04CD /* SwiftUI_demo02.xcdatamodeld in Sources */ = {isa = PBXBuildFile; fileRef = A30D5A2F22C9FB98004A04CD /* SwiftUI_demo02.xcdatamodeld */; };
		A30D5A3322C9FB98004A04CD /* ContentView.swift in Sources */ = {isa = PBXBuildFile; fileRef = A30D5A3222C9FB98004A04CD /* ContentView.swift */; };
		A30D5A3522C9FB9A004A04CD /* Assets.xcassets in Resources */ = {isa = PBXBuildFile; fileRef = A30D5A3422C9FB9A004A04CD /* Assets.xcassets */; };
		A30D5A3822C9FB9A004A04CD /* Preview Assets.xcassets in Resources */ = {isa = PBXBuildFile; fileRef = A30D5A3722C9FB9A004A04CD /* Preview Assets.xcassets */; };
		A30D5A3B22C9FB9A004A04CD /* LaunchScreen.storyboard in Resources */ = {isa = PBXBuildFile; fileRef = A30D5A3922C9FB9A004A04CD /* LaunchScreen.storyboard */; };
		A30D5A4622C9FB9A004A04CD /* SwiftUI_demo02Tests.swift in Sources */ = {isa = PBXBuildFile; fileRef = A30D5A4522C9FB9A004A04CD /* SwiftUI_demo02Tests.swift */; };
		A30D5A5122C9FB9A004A04CD /* SwiftUI_demo02UITests.swift in Sources */ = {isa = PBXBuildFile; fileRef = A30D5A5022C9FB9A004A04CD /* SwiftUI_demo02UITests.swift */; };
		A31F137E22CA068400EACA2B /* ContentRow.swift in Sources */ = {isa = PBXBuildFile; fileRef = A31F137D22CA068400EACA2B /* ContentRow.swift */; };
		A31F138022CA0BCE00EACA2B /* VStkPage.swift in Sources */ = {isa = PBXBuildFile; fileRef = A31F137F22CA0BCE00EACA2B /* VStkPage.swift */; };
		A31F138322CA0E5900EACA2B /* HStackPage.swift in Sources */ = {isa = PBXBuildFile; fileRef = A31F138222CA0E5900EACA2B /* HStackPage.swift */; };
		A31F138522CA0ECB00EACA2B /* ZStackPage.swift in Sources */ = {isa = PBXBuildFile; fileRef = A31F138422CA0ECB00EACA2B /* ZStackPage.swift */; };
		A31F138822CA156E00EACA2B /* CTScrollView.swift in Sources */ = {isa = PBXBuildFile; fileRef = A31F138722CA156E00EACA2B /* CTScrollView.swift */; };
/* End PBXBuildFile section */

/* Begin PBXContainerItemProxy section */
		A30D5A4222C9FB9A004A04CD /* PBXContainerItemProxy */ = {
			isa = PBXContainerItemProxy;
			containerPortal = A30D5A2022C9FB98004A04CD /* Project object */;
			proxyType = 1;
			remoteGlobalIDString = A30D5A2722C9FB98004A04CD;
			remoteInfo = SwiftUI_demo02;
		};
		A30D5A4D22C9FB9A004A04CD /* PBXContainerItemProxy */ = {
			isa = PBXContainerItemProxy;
			containerPortal = A30D5A2022C9FB98004A04CD /* Project object */;
			proxyType = 1;
			remoteGlobalIDString = A30D5A2722C9FB98004A04CD;
			remoteInfo = SwiftUI_demo02;
		};
/* End PBXContainerItemProxy section */

/* Begin PBXFileReference section */
		A30A145B22CAE67600252DC6 /* TextPage.swift */ = {isa = PBXFileReference; lastKnownFileType = sourcecode.swift; path = TextPage.swift; sourceTree = "<group>"; };
		A30A145D22CAF02600252DC6 /* ButtonPage.swift */ = {isa = PBXFileReference; lastKnownFileType = sourcecode.swift; path = ButtonPage.swift; sourceTree = "<group>"; };
		A30A145F22CAF0F700252DC6 /* HelloWorldPage.swift */ = {isa = PBXFileReference; lastKnownFileType = sourcecode.swift; path = HelloWorldPage.swift; sourceTree = "<group>"; };
		A30A146122CAF5EE00252DC6 /* TextFieldPage.swift */ = {isa = PBXFileReference; lastKnownFileType = sourcecode.swift; path = TextFieldPage.swift; sourceTree = "<group>"; };
		A30A146922CB029600252DC6 /* hiddenlake.jpg */ = {isa = PBXFileReference; lastKnownFileType = image.jpeg; path = hiddenlake.jpg; sourceTree = "<group>"; };
		A30A146A22CB029600252DC6 /* chincoteague.jpg */ = {isa = PBXFileReference; lastKnownFileType = image.jpeg; path = chincoteague.jpg; sourceTree = "<group>"; };
		A30A146B22CB029600252DC6 /* umbagog.jpg */ = {isa = PBXFileReference; lastKnownFileType = image.jpeg; path = umbagog.jpg; sourceTree = "<group>"; };
		A30A146C22CB029600252DC6 /* charleyrivers.jpg */ = {isa = PBXFileReference; lastKnownFileType = image.jpeg; path = charleyrivers.jpg; sourceTree = "<group>"; };
		A30A146D22CB029600252DC6 /* landmarkData.json */ = {isa = PBXFileReference; fileEncoding = 4; lastKnownFileType = text.json; path = landmarkData.json; sourceTree = "<group>"; };
		A30A146E22CB029700252DC6 /* turtlerock_feature.jpg */ = {isa = PBXFileReference; lastKnownFileType = image.jpeg; path = turtlerock_feature.jpg; sourceTree = "<group>"; };
		A30A146F22CB029700252DC6 /* silversalmoncreek.jpg */ = {isa = PBXFileReference; lastKnownFileType = image.jpeg; path = silversalmoncreek.jpg; sourceTree = "<group>"; };
		A30A147022CB029700252DC6 /* stmarylake.jpg */ = {isa = PBXFileReference; lastKnownFileType = image.jpeg; path = stmarylake.jpg; sourceTree = "<group>"; };
		A30A147122CB029700252DC6 /* icybay.jpg */ = {isa = PBXFileReference; lastKnownFileType = image.jpeg; path = icybay.jpg; sourceTree = "<group>"; };
		A30A147222CB029700252DC6 /* rainbowlake.jpg */ = {isa = PBXFileReference; lastKnownFileType = image.jpeg; path = rainbowlake.jpg; sourceTree = "<group>"; };
		A30A147322CB029700252DC6 /* charleyrivers_feature.jpg */ = {isa = PBXFileReference; lastKnownFileType = image.jpeg; path = charleyrivers_feature.jpg; sourceTree = "<group>"; };
		A30A147422CB029700252DC6 /* turtlerock.jpg */ = {isa = PBXFileReference; lastKnownFileType = image.jpeg; path = turtlerock.jpg; sourceTree = "<group>"; };
		A30A147522CB029700252DC6 /* twinlake.jpg */ = {isa = PBXFileReference; lastKnownFileType = image.jpeg; path = twinlake.jpg; sourceTree = "<group>"; };
		A30A147622CB029700252DC6 /* hikeData.json */ = {isa = PBXFileReference; fileEncoding = 4; lastKnownFileType = text.json; path = hikeData.json; sourceTree = "<group>"; };
		A30A147722CB029700252DC6 /* chilkoottrail.jpg */ = {isa = PBXFileReference; lastKnownFileType = image.jpeg; path = chilkoottrail.jpg; sourceTree = "<group>"; };
		A30A147822CB029800252DC6 /* lakemcdonald.jpg */ = {isa = PBXFileReference; lastKnownFileType = image.jpeg; path = lakemcdonald.jpg; sourceTree = "<group>"; };
		A30A147922CB029800252DC6 /* yukon_charleyrivers.jpg */ = {isa = PBXFileReference; lastKnownFileType = image.jpeg; path = yukon_charleyrivers.jpg; sourceTree = "<group>"; };
		A30A147A22CB029800252DC6 /* stmarylake_feature.jpg */ = {isa = PBXFileReference; lastKnownFileType = image.jpeg; path = stmarylake_feature.jpg; sourceTree = "<group>"; };
		A30A148D22CB02AC00252DC6 /* Hike.swift */ = {isa = PBXFileReference; fileEncoding = 4; lastKnownFileType = sourcecode.swift; path = Hike.swift; sourceTree = "<group>"; };
		A30A148E22CB02AC00252DC6 /* Landmark.swift */ = {isa = PBXFileReference; fileEncoding = 4; lastKnownFileType = sourcecode.swift; path = Landmark.swift; sourceTree = "<group>"; };
		A30A148F22CB02AD00252DC6 /* UserData.swift */ = {isa = PBXFileReference; fileEncoding = 4; lastKnownFileType = sourcecode.swift; path = UserData.swift; sourceTree = "<group>"; };
		A30A149022CB02AD00252DC6 /* Data.swift */ = {isa = PBXFileReference; fileEncoding = 4; lastKnownFileType = sourcecode.swift; path = Data.swift; sourceTree = "<group>"; };
		A30A149522CB02CD00252DC6 /* CategoryHome.swift */ = {isa = PBXFileReference; fileEncoding = 4; lastKnownFileType = sourcecode.swift; path = CategoryHome.swift; sourceTree = "<group>"; };
		A30A149722CB02D800252DC6 /* LandmarkDetail.swift */ = {isa = PBXFileReference; fileEncoding = 4; lastKnownFileType = sourcecode.swift; path = LandmarkDetail.swift; sourceTree = "<group>"; };
		A30A149922CB02ED00252DC6 /* LandmarkList.swift */ = {isa = PBXFileReference; fileEncoding = 4; lastKnownFileType = sourcecode.swift; path = LandmarkList.swift; sourceTree = "<group>"; };
		A30A149B22CB02F200252DC6 /* Badge.swift */ = {isa = PBXFileReference; fileEncoding = 4; lastKnownFileType = sourcecode.swift; path = Badge.swift; sourceTree = "<group>"; };
		A30A149D22CB02F600252DC6 /* HikeView.swift */ = {isa = PBXFileReference; fileEncoding = 4; lastKnownFileType = sourcecode.swift; path = HikeView.swift; sourceTree = "<group>"; };
		A30A149F22CB02F900252DC6 /* HikeDetail.swift */ = {isa = PBXFileReference; fileEncoding = 4; lastKnownFileType = sourcecode.swift; path = HikeDetail.swift; sourceTree = "<group>"; };
		A30A14A122CB030100252DC6 /* PathAndShapes.swift */ = {isa = PBXFileReference; fileEncoding = 4; lastKnownFileType = sourcecode.swift; path = PathAndShapes.swift; sourceTree = "<group>"; };
		A30A14A322CB030C00252DC6 /* PageViewController.swift */ = {isa = PBXFileReference; fileEncoding = 4; lastKnownFileType = sourcecode.swift; path = PageViewController.swift; sourceTree = "<group>"; };
		A30A14A522CB031300252DC6 /* PageView.swift */ = {isa = PBXFileReference; fileEncoding = 4; lastKnownFileType = sourcecode.swift; path = PageView.swift; sourceTree = "<group>"; };
		A30A14A722CB031800252DC6 /* PageControl.swift */ = {isa = PBXFileReference; fileEncoding = 4; lastKnownFileType = sourcecode.swift; path = PageControl.swift; sourceTree = "<group>"; };
		A30A14A922CB031B00252DC6 /* FeatureCard.swift */ = {isa = PBXFileReference; fileEncoding = 4; lastKnownFileType = sourcecode.swift; path = FeatureCard.swift; sourceTree = "<group>"; };
		A30A14AC22CB034500252DC6 /* ProfileSummary.swift */ = {isa = PBXFileReference; fileEncoding = 4; lastKnownFileType = sourcecode.swift; path = ProfileSummary.swift; sourceTree = "<group>"; };
		A30A14AD22CB034500252DC6 /* Profile.swift */ = {isa = PBXFileReference; fileEncoding = 4; lastKnownFileType = sourcecode.swift; path = Profile.swift; sourceTree = "<group>"; };
		A30A14AE22CB034500252DC6 /* ProfileEditor.swift */ = {isa = PBXFileReference; fileEncoding = 4; lastKnownFileType = sourcecode.swift; path = ProfileEditor.swift; sourceTree = "<group>"; };
		A30A14AF22CB034500252DC6 /* ProfileHost.swift */ = {isa = PBXFileReference; fileEncoding = 4; lastKnownFileType = sourcecode.swift; path = ProfileHost.swift; sourceTree = "<group>"; };
		A30A14B422CB037700252DC6 /* LandmarkRow.swift */ = {isa = PBXFileReference; fileEncoding = 4; lastKnownFileType = sourcecode.swift; path = LandmarkRow.swift; sourceTree = "<group>"; };
		A30A14B522CB037700252DC6 /* HikeBadge.swift */ = {isa = PBXFileReference; fileEncoding = 4; lastKnownFileType = sourcecode.swift; path = HikeBadge.swift; sourceTree = "<group>"; };
		A30A14B622CB037700252DC6 /* BadgeBackground.swift */ = {isa = PBXFileReference; fileEncoding = 4; lastKnownFileType = sourcecode.swift; path = BadgeBackground.swift; sourceTree = "<group>"; };
		A30A14B722CB037700252DC6 /* MapView.swift */ = {isa = PBXFileReference; fileEncoding = 4; lastKnownFileType = sourcecode.swift; path = MapView.swift; sourceTree = "<group>"; };
		A30A14B822CB037700252DC6 /* GraphCapsule.swift */ = {isa = PBXFileReference; fileEncoding = 4; lastKnownFileType = sourcecode.swift; path = GraphCapsule.swift; sourceTree = "<group>"; };
		A30A14B922CB037700252DC6 /* CategoryRow.swift */ = {isa = PBXFileReference; fileEncoding = 4; lastKnownFileType = sourcecode.swift; path = CategoryRow.swift; sourceTree = "<group>"; };
		A30A14BA22CB037800252DC6 /* CircleImage.swift */ = {isa = PBXFileReference; fileEncoding = 4; lastKnownFileType = sourcecode.swift; path = CircleImage.swift; sourceTree = "<group>"; };
		A30A14BB22CB037800252DC6 /* HikeGraph.swift */ = {isa = PBXFileReference; fileEncoding = 4; lastKnownFileType = sourcecode.swift; path = HikeGraph.swift; sourceTree = "<group>"; };
		A30A14C522CB03B700252DC6 /* HexagonParameters.swift */ = {isa = PBXFileReference; fileEncoding = 4; lastKnownFileType = sourcecode.swift; path = HexagonParameters.swift; sourceTree = "<group>"; };
		A30A14C722CB2ED900252DC6 /* ImagePage.swift */ = {isa = PBXFileReference; lastKnownFileType = sourcecode.swift; path = ImagePage.swift; sourceTree = "<group>"; };
		A30D5A2822C9FB98004A04CD /* SwiftUI_demo02.app */ = {isa = PBXFileReference; explicitFileType = wrapper.application; includeInIndex = 0; path = SwiftUI_demo02.app; sourceTree = BUILT_PRODUCTS_DIR; };
		A30D5A2B22C9FB98004A04CD /* AppDelegate.swift */ = {isa = PBXFileReference; lastKnownFileType = sourcecode.swift; path = AppDelegate.swift; sourceTree = "<group>"; };
		A30D5A2D22C9FB98004A04CD /* SceneDelegate.swift */ = {isa = PBXFileReference; lastKnownFileType = sourcecode.swift; path = SceneDelegate.swift; sourceTree = "<group>"; };
		A30D5A3022C9FB98004A04CD /* SwiftUI_demo02.xcdatamodel */ = {isa = PBXFileReference; lastKnownFileType = wrapper.xcdatamodel; path = SwiftUI_demo02.xcdatamodel; sourceTree = "<group>"; };
		A30D5A3222C9FB98004A04CD /* ContentView.swift */ = {isa = PBXFileReference; lastKnownFileType = sourcecode.swift; path = ContentView.swift; sourceTree = "<group>"; };
		A30D5A3422C9FB9A004A04CD /* Assets.xcassets */ = {isa = PBXFileReference; lastKnownFileType = folder.assetcatalog; path = Assets.xcassets; sourceTree = "<group>"; };
		A30D5A3722C9FB9A004A04CD /* Preview Assets.xcassets */ = {isa = PBXFileReference; lastKnownFileType = folder.assetcatalog; path = "Preview Assets.xcassets"; sourceTree = "<group>"; };
		A30D5A3A22C9FB9A004A04CD /* Base */ = {isa = PBXFileReference; lastKnownFileType = file.storyboard; name = Base; path = Base.lproj/LaunchScreen.storyboard; sourceTree = "<group>"; };
		A30D5A3C22C9FB9A004A04CD /* Info.plist */ = {isa = PBXFileReference; lastKnownFileType = text.plist.xml; path = Info.plist; sourceTree = "<group>"; };
		A30D5A4122C9FB9A004A04CD /* SwiftUI_demo02Tests.xctest */ = {isa = PBXFileReference; explicitFileType = wrapper.cfbundle; includeInIndex = 0; path = SwiftUI_demo02Tests.xctest; sourceTree = BUILT_PRODUCTS_DIR; };
		A30D5A4522C9FB9A004A04CD /* SwiftUI_demo02Tests.swift */ = {isa = PBXFileReference; lastKnownFileType = sourcecode.swift; path = SwiftUI_demo02Tests.swift; sourceTree = "<group>"; };
		A30D5A4722C9FB9A004A04CD /* Info.plist */ = {isa = PBXFileReference; lastKnownFileType = text.plist.xml; path = Info.plist; sourceTree = "<group>"; };
		A30D5A4C22C9FB9A004A04CD /* SwiftUI_demo02UITests.xctest */ = {isa = PBXFileReference; explicitFileType = wrapper.cfbundle; includeInIndex = 0; path = SwiftUI_demo02UITests.xctest; sourceTree = BUILT_PRODUCTS_DIR; };
		A30D5A5022C9FB9A004A04CD /* SwiftUI_demo02UITests.swift */ = {isa = PBXFileReference; lastKnownFileType = sourcecode.swift; path = SwiftUI_demo02UITests.swift; sourceTree = "<group>"; };
		A30D5A5222C9FB9A004A04CD /* Info.plist */ = {isa = PBXFileReference; lastKnownFileType = text.plist.xml; path = Info.plist; sourceTree = "<group>"; };
		A31F137D22CA068400EACA2B /* ContentRow.swift */ = {isa = PBXFileReference; lastKnownFileType = sourcecode.swift; path = ContentRow.swift; sourceTree = "<group>"; };
		A31F137F22CA0BCE00EACA2B /* VStkPage.swift */ = {isa = PBXFileReference; lastKnownFileType = sourcecode.swift; path = VStkPage.swift; sourceTree = "<group>"; };
		A31F138222CA0E5900EACA2B /* HStackPage.swift */ = {isa = PBXFileReference; lastKnownFileType = sourcecode.swift; path = HStackPage.swift; sourceTree = "<group>"; };
		A31F138422CA0ECB00EACA2B /* ZStackPage.swift */ = {isa = PBXFileReference; lastKnownFileType = sourcecode.swift; path = ZStackPage.swift; sourceTree = "<group>"; };
		A31F138722CA156E00EACA2B /* CTScrollView.swift */ = {isa = PBXFileReference; lastKnownFileType = sourcecode.swift; path = CTScrollView.swift; sourceTree = "<group>"; };
/* End PBXFileReference section */

/* Begin PBXFrameworksBuildPhase section */
		A30D5A2522C9FB98004A04CD /* Frameworks */ = {
			isa = PBXFrameworksBuildPhase;
			buildActionMask = 2147483647;
			files = (
			);
			runOnlyForDeploymentPostprocessing = 0;
		};
		A30D5A3E22C9FB9A004A04CD /* Frameworks */ = {
			isa = PBXFrameworksBuildPhase;
			buildActionMask = 2147483647;
			files = (
			);
			runOnlyForDeploymentPostprocessing = 0;
		};
		A30D5A4922C9FB9A004A04CD /* Frameworks */ = {
			isa = PBXFrameworksBuildPhase;
			buildActionMask = 2147483647;
			files = (
			);
			runOnlyForDeploymentPostprocessing = 0;
		};
/* End PBXFrameworksBuildPhase section */

/* Begin PBXGroup section */
		A30A145A22CAE65C00252DC6 /* Normal */ = {
			isa = PBXGroup;
			children = (
				A30A145B22CAE67600252DC6 /* TextPage.swift */,
				A30A146122CAF5EE00252DC6 /* TextFieldPage.swift */,
				A30A145D22CAF02600252DC6 /* ButtonPage.swift */,
				A30A14C722CB2ED900252DC6 /* ImagePage.swift */,
			);
			path = Normal;
			sourceTree = "<group>";
		};
		A30A146322CB014A00252DC6 /* Apple Demo */ = {
			isa = PBXGroup;
			children = (
				A30A14C422CB03B700252DC6 /* PathAndShapes */,
				A30A14AB22CB034500252DC6 /* Profile */,
				A30A146822CB028200252DC6 /* Models */,
				A30A146722CB026200252DC6 /* Resources */,
				A30A146522CB024800252DC6 /* Views */,
				A30A146422CB023300252DC6 /* View Controller */,
			);
			path = "Apple Demo";
			sourceTree = "<group>";
		};
		A30A146422CB023300252DC6 /* View Controller */ = {
			isa = PBXGroup;
			children = (
				A30A149522CB02CD00252DC6 /* CategoryHome.swift */,
				A30A149922CB02ED00252DC6 /* LandmarkList.swift */,
				A30A149722CB02D800252DC6 /* LandmarkDetail.swift */,
				A30A14A322CB030C00252DC6 /* PageViewController.swift */,
			);
			path = "View Controller";
			sourceTree = "<group>";
		};
		A30A146522CB024800252DC6 /* Views */ = {
			isa = PBXGroup;
			children = (
				A30A149B22CB02F200252DC6 /* Badge.swift */,
				A30A14A522CB031300252DC6 /* PageView.swift */,
				A30A14A722CB031800252DC6 /* PageControl.swift */,
				A30A14A922CB031B00252DC6 /* FeatureCard.swift */,
				A30A149D22CB02F600252DC6 /* HikeView.swift */,
				A30A149F22CB02F900252DC6 /* HikeDetail.swift */,
				A30A14A122CB030100252DC6 /* PathAndShapes.swift */,
				A30A14B622CB037700252DC6 /* BadgeBackground.swift */,
				A30A14B922CB037700252DC6 /* CategoryRow.swift */,
				A30A14BA22CB037800252DC6 /* CircleImage.swift */,
				A30A14B822CB037700252DC6 /* GraphCapsule.swift */,
				A30A14B522CB037700252DC6 /* HikeBadge.swift */,
				A30A14BB22CB037800252DC6 /* HikeGraph.swift */,
				A30A14B422CB037700252DC6 /* LandmarkRow.swift */,
				A30A14B722CB037700252DC6 /* MapView.swift */,
			);
			path = Views;
			sourceTree = "<group>";
		};
		A30A146722CB026200252DC6 /* Resources */ = {
			isa = PBXGroup;
			children = (
				A30A146C22CB029600252DC6 /* charleyrivers.jpg */,
				A30A147322CB029700252DC6 /* charleyrivers_feature.jpg */,
				A30A147A22CB029800252DC6 /* stmarylake_feature.jpg */,
				A30A146E22CB029700252DC6 /* turtlerock_feature.jpg */,
				A30A147722CB029700252DC6 /* chilkoottrail.jpg */,
				A30A146A22CB029600252DC6 /* chincoteague.jpg */,
				A30A147922CB029800252DC6 /* yukon_charleyrivers.jpg */,
				A30A146922CB029600252DC6 /* hiddenlake.jpg */,
				A30A147122CB029700252DC6 /* icybay.jpg */,
				A30A147822CB029800252DC6 /* lakemcdonald.jpg */,
				A30A147222CB029700252DC6 /* rainbowlake.jpg */,
				A30A146F22CB029700252DC6 /* silversalmoncreek.jpg */,
				A30A147022CB029700252DC6 /* stmarylake.jpg */,
				A30A147422CB029700252DC6 /* turtlerock.jpg */,
				A30A147522CB029700252DC6 /* twinlake.jpg */,
				A30A146B22CB029600252DC6 /* umbagog.jpg */,
				A30A147622CB029700252DC6 /* hikeData.json */,
				A30A146D22CB029600252DC6 /* landmarkData.json */,
			);
			path = Resources;
			sourceTree = "<group>";
		};
		A30A146822CB028200252DC6 /* Models */ = {
			isa = PBXGroup;
			children = (
				A30A149022CB02AD00252DC6 /* Data.swift */,
				A30A148D22CB02AC00252DC6 /* Hike.swift */,
				A30A148E22CB02AC00252DC6 /* Landmark.swift */,
				A30A148F22CB02AD00252DC6 /* UserData.swift */,
			);
			path = Models;
			sourceTree = "<group>";
		};
		A30A14AB22CB034500252DC6 /* Profile */ = {
			isa = PBXGroup;
			children = (
				A30A14AC22CB034500252DC6 /* ProfileSummary.swift */,
				A30A14AD22CB034500252DC6 /* Profile.swift */,
				A30A14AE22CB034500252DC6 /* ProfileEditor.swift */,
				A30A14AF22CB034500252DC6 /* ProfileHost.swift */,
			);
			path = Profile;
			sourceTree = "<group>";
		};
		A30A14C422CB03B700252DC6 /* PathAndShapes */ = {
			isa = PBXGroup;
			children = (
				A30A14C522CB03B700252DC6 /* HexagonParameters.swift */,
			);
			path = PathAndShapes;
			sourceTree = "<group>";
		};
		A30D5A1F22C9FB98004A04CD = {
			isa = PBXGroup;
			children = (
				A30D5A2A22C9FB98004A04CD /* SwiftUI_demo02 */,
				A30D5A4422C9FB9A004A04CD /* SwiftUI_demo02Tests */,
				A30D5A4F22C9FB9A004A04CD /* SwiftUI_demo02UITests */,
				A30D5A2922C9FB98004A04CD /* Products */,
			);
			sourceTree = "<group>";
		};
		A30D5A2922C9FB98004A04CD /* Products */ = {
			isa = PBXGroup;
			children = (
				A30D5A2822C9FB98004A04CD /* SwiftUI_demo02.app */,
				A30D5A4122C9FB9A004A04CD /* SwiftUI_demo02Tests.xctest */,
				A30D5A4C22C9FB9A004A04CD /* SwiftUI_demo02UITests.xctest */,
			);
			name = Products;
			sourceTree = "<group>";
		};
		A30D5A2A22C9FB98004A04CD /* SwiftUI_demo02 */ = {
			isa = PBXGroup;
			children = (
				A30A146322CB014A00252DC6 /* Apple Demo */,
				A31F137C22CA03AB00EACA2B /* Pages */,
				A30D5A2B22C9FB98004A04CD /* AppDelegate.swift */,
				A30D5A2D22C9FB98004A04CD /* SceneDelegate.swift */,
				A30D5A3222C9FB98004A04CD /* ContentView.swift */,
				A31F137D22CA068400EACA2B /* ContentRow.swift */,
				A30D5A3422C9FB9A004A04CD /* Assets.xcassets */,
				A30D5A3922C9FB9A004A04CD /* LaunchScreen.storyboard */,
				A30D5A3C22C9FB9A004A04CD /* Info.plist */,
				A30D5A2F22C9FB98004A04CD /* SwiftUI_demo02.xcdatamodeld */,
				A30D5A3622C9FB9A004A04CD /* Preview Content */,
			);
			path = SwiftUI_demo02;
			sourceTree = "<group>";
		};
		A30D5A3622C9FB9A004A04CD /* Preview Content */ = {
			isa = PBXGroup;
			children = (
				A30D5A3722C9FB9A004A04CD /* Preview Assets.xcassets */,
			);
			path = "Preview Content";
			sourceTree = "<group>";
		};
		A30D5A4422C9FB9A004A04CD /* SwiftUI_demo02Tests */ = {
			isa = PBXGroup;
			children = (
				A30D5A4522C9FB9A004A04CD /* SwiftUI_demo02Tests.swift */,
				A30D5A4722C9FB9A004A04CD /* Info.plist */,
			);
			path = SwiftUI_demo02Tests;
			sourceTree = "<group>";
		};
		A30D5A4F22C9FB9A004A04CD /* SwiftUI_demo02UITests */ = {
			isa = PBXGroup;
			children = (
				A30D5A5022C9FB9A004A04CD /* SwiftUI_demo02UITests.swift */,
				A30D5A5222C9FB9A004A04CD /* Info.plist */,
			);
			path = SwiftUI_demo02UITests;
			sourceTree = "<group>";
		};
		A31F137C22CA03AB00EACA2B /* Pages */ = {
			isa = PBXGroup;
			children = (
				A30A145A22CAE65C00252DC6 /* Normal */,
				A31F138622CA155100EACA2B /* Scroll */,
				A31F138122CA0E4500EACA2B /* Stack */,
				A30A145F22CAF0F700252DC6 /* HelloWorldPage.swift */,
			);
			path = Pages;
			sourceTree = "<group>";
		};
		A31F138122CA0E4500EACA2B /* Stack */ = {
			isa = PBXGroup;
			children = (
				A31F137F22CA0BCE00EACA2B /* VStkPage.swift */,
				A31F138222CA0E5900EACA2B /* HStackPage.swift */,
				A31F138422CA0ECB00EACA2B /* ZStackPage.swift */,
			);
			path = Stack;
			sourceTree = "<group>";
		};
		A31F138622CA155100EACA2B /* Scroll */ = {
			isa = PBXGroup;
			children = (
				A31F138722CA156E00EACA2B /* CTScrollView.swift */,
			);
			path = Scroll;
			sourceTree = "<group>";
		};
/* End PBXGroup section */

/* Begin PBXNativeTarget section */
		A30D5A2722C9FB98004A04CD /* SwiftUI_demo02 */ = {
			isa = PBXNativeTarget;
			buildConfigurationList = A30D5A5522C9FB9A004A04CD /* Build configuration list for PBXNativeTarget "SwiftUI_demo02" */;
			buildPhases = (
				A30D5A2422C9FB98004A04CD /* Sources */,
				A30D5A2522C9FB98004A04CD /* Frameworks */,
				A30D5A2622C9FB98004A04CD /* Resources */,
			);
			buildRules = (
			);
			dependencies = (
			);
			name = SwiftUI_demo02;
			productName = SwiftUI_demo02;
			productReference = A30D5A2822C9FB98004A04CD /* SwiftUI_demo02.app */;
			productType = "com.apple.product-type.application";
		};
		A30D5A4022C9FB9A004A04CD /* SwiftUI_demo02Tests */ = {
			isa = PBXNativeTarget;
			buildConfigurationList = A30D5A5822C9FB9A004A04CD /* Build configuration list for PBXNativeTarget "SwiftUI_demo02Tests" */;
			buildPhases = (
				A30D5A3D22C9FB9A004A04CD /* Sources */,
				A30D5A3E22C9FB9A004A04CD /* Frameworks */,
				A30D5A3F22C9FB9A004A04CD /* Resources */,
			);
			buildRules = (
			);
			dependencies = (
				A30D5A4322C9FB9A004A04CD /* PBXTargetDependency */,
			);
			name = SwiftUI_demo02Tests;
			productName = SwiftUI_demo02Tests;
			productReference = A30D5A4122C9FB9A004A04CD /* SwiftUI_demo02Tests.xctest */;
			productType = "com.apple.product-type.bundle.unit-test";
		};
		A30D5A4B22C9FB9A004A04CD /* SwiftUI_demo02UITests */ = {
			isa = PBXNativeTarget;
			buildConfigurationList = A30D5A5B22C9FB9A004A04CD /* Build configuration list for PBXNativeTarget "SwiftUI_demo02UITests" */;
			buildPhases = (
				A30D5A4822C9FB9A004A04CD /* Sources */,
				A30D5A4922C9FB9A004A04CD /* Frameworks */,
				A30D5A4A22C9FB9A004A04CD /* Resources */,
			);
			buildRules = (
			);
			dependencies = (
				A30D5A4E22C9FB9A004A04CD /* PBXTargetDependency */,
			);
			name = SwiftUI_demo02UITests;
			productName = SwiftUI_demo02UITests;
			productReference = A30D5A4C22C9FB9A004A04CD /* SwiftUI_demo02UITests.xctest */;
			productType = "com.apple.product-type.bundle.ui-testing";
		};
/* End PBXNativeTarget section */

/* Begin PBXProject section */
		A30D5A2022C9FB98004A04CD /* Project object */ = {
			isa = PBXProject;
			attributes = {
				LastSwiftUpdateCheck = 1100;
				LastUpgradeCheck = 1100;
				ORGANIZATIONNAME = "SwiftUI学习之路";
				TargetAttributes = {
					A30D5A2722C9FB98004A04CD = {
						CreatedOnToolsVersion = 11.0;
					};
					A30D5A4022C9FB9A004A04CD = {
						CreatedOnToolsVersion = 11.0;
						TestTargetID = A30D5A2722C9FB98004A04CD;
					};
					A30D5A4B22C9FB9A004A04CD = {
						CreatedOnToolsVersion = 11.0;
						TestTargetID = A30D5A2722C9FB98004A04CD;
					};
				};
			};
			buildConfigurationList = A30D5A2322C9FB98004A04CD /* Build configuration list for PBXProject "SwiftUI_demo02" */;
			compatibilityVersion = "Xcode 9.3";
			developmentRegion = en;
			hasScannedForEncodings = 0;
			knownRegions = (
				en,
				Base,
			);
			mainGroup = A30D5A1F22C9FB98004A04CD;
			productRefGroup = A30D5A2922C9FB98004A04CD /* Products */;
			projectDirPath = "";
			projectRoot = "";
			targets = (
				A30D5A2722C9FB98004A04CD /* SwiftUI_demo02 */,
				A30D5A4022C9FB9A004A04CD /* SwiftUI_demo02Tests */,
				A30D5A4B22C9FB9A004A04CD /* SwiftUI_demo02UITests */,
			);
		};
/* End PBXProject section */

/* Begin PBXResourcesBuildPhase section */
		A30D5A2622C9FB98004A04CD /* Resources */ = {
			isa = PBXResourcesBuildPhase;
			buildActionMask = 2147483647;
			files = (
				A30A147E22CB029800252DC6 /* charleyrivers.jpg in Resources */,
				A30A148922CB029800252DC6 /* chilkoottrail.jpg in Resources */,
				A30A147D22CB029800252DC6 /* umbagog.jpg in Resources */,
				A30A148822CB029800252DC6 /* hikeData.json in Resources */,
				A30D5A3B22C9FB9A004A04CD /* LaunchScreen.storyboard in Resources */,
				A30D5A3822C9FB9A004A04CD /* Preview Assets.xcassets in Resources */,
				A30A148C22CB029800252DC6 /* stmarylake_feature.jpg in Resources */,
				A30A148522CB029800252DC6 /* charleyrivers_feature.jpg in Resources */,
				A30A147B22CB029800252DC6 /* hiddenlake.jpg in Resources */,
				A30A148422CB029800252DC6 /* rainbowlake.jpg in Resources */,
				A30A148122CB029800252DC6 /* silversalmoncreek.jpg in Resources */,
				A30A148022CB029800252DC6 /* turtlerock_feature.jpg in Resources */,
				A30A147F22CB029800252DC6 /* landmarkData.json in Resources */,
				A30A148722CB029800252DC6 /* twinlake.jpg in Resources */,
				A30D5A3522C9FB9A004A04CD /* Assets.xcassets in Resources */,
				A30A148B22CB029800252DC6 /* yukon_charleyrivers.jpg in Resources */,
				A30A148222CB029800252DC6 /* stmarylake.jpg in Resources */,
				A30A148A22CB029800252DC6 /* lakemcdonald.jpg in Resources */,
				A30A148322CB029800252DC6 /* icybay.jpg in Resources */,
				A30A147C22CB029800252DC6 /* chincoteague.jpg in Resources */,
				A30A148622CB029800252DC6 /* turtlerock.jpg in Resources */,
			);
			runOnlyForDeploymentPostprocessing = 0;
		};
		A30D5A3F22C9FB9A004A04CD /* Resources */ = {
			isa = PBXResourcesBuildPhase;
			buildActionMask = 2147483647;
			files = (
			);
			runOnlyForDeploymentPostprocessing = 0;
		};
		A30D5A4A22C9FB9A004A04CD /* Resources */ = {
			isa = PBXResourcesBuildPhase;
			buildActionMask = 2147483647;
			files = (
			);
			runOnlyForDeploymentPostprocessing = 0;
		};
/* End PBXResourcesBuildPhase section */

/* Begin PBXSourcesBuildPhase section */
		A30D5A2422C9FB98004A04CD /* Sources */ = {
			isa = PBXSourcesBuildPhase;
			buildActionMask = 2147483647;
			files = (
				A30A146022CAF0F700252DC6 /* HelloWorldPage.swift in Sources */,
				A30A14B122CB034500252DC6 /* Profile.swift in Sources */,
				A31F138522CA0ECB00EACA2B /* ZStackPage.swift in Sources */,
				A30A14AA22CB031B00252DC6 /* FeatureCard.swift in Sources */,
				A30A14A822CB031800252DC6 /* PageControl.swift in Sources */,
				A30A149322CB02AD00252DC6 /* UserData.swift in Sources */,
				A30A145C22CAE67600252DC6 /* TextPage.swift in Sources */,
				A30A14B222CB034500252DC6 /* ProfileEditor.swift in Sources */,
				A30A14BC22CB037800252DC6 /* LandmarkRow.swift in Sources */,
				A30A14C022CB037800252DC6 /* GraphCapsule.swift in Sources */,
				A30A14C622CB03B700252DC6 /* HexagonParameters.swift in Sources */,
				A30A14A022CB02F900252DC6 /* HikeDetail.swift in Sources */,
				A30A145E22CAF02600252DC6 /* ButtonPage.swift in Sources */,
				A30D5A3122C9FB98004A04CD /* SwiftUI_demo02.xcdatamodeld in Sources */,
				A30A14C322CB037800252DC6 /* HikeGraph.swift in Sources */,
				A30A149822CB02D800252DC6 /* LandmarkDetail.swift in Sources */,
				A30A149C22CB02F200252DC6 /* Badge.swift in Sources */,
				A30D5A2C22C9FB98004A04CD /* AppDelegate.swift in Sources */,
				A30A14A222CB030100252DC6 /* PathAndShapes.swift in Sources */,
				A30A14A422CB030C00252DC6 /* PageViewController.swift in Sources */,
				A30A14C122CB037800252DC6 /* CategoryRow.swift in Sources */,
				A31F138322CA0E5900EACA2B /* HStackPage.swift in Sources */,
				A30A14C822CB2ED900252DC6 /* ImagePage.swift in Sources */,
				A31F138022CA0BCE00EACA2B /* VStkPage.swift in Sources */,
				A30D5A3322C9FB98004A04CD /* ContentView.swift in Sources */,
				A30A149622CB02CD00252DC6 /* CategoryHome.swift in Sources */,
				A30A149E22CB02F600252DC6 /* HikeView.swift in Sources */,
				A30A14A622CB031300252DC6 /* PageView.swift in Sources */,
				A30A14BE22CB037800252DC6 /* BadgeBackground.swift in Sources */,
				A31F137E22CA068400EACA2B /* ContentRow.swift in Sources */,
				A30A14BF22CB037800252DC6 /* MapView.swift in Sources */,
				A30A149122CB02AD00252DC6 /* Hike.swift in Sources */,
				A30A14C222CB037800252DC6 /* CircleImage.swift in Sources */,
				A30A146222CAF5EE00252DC6 /* TextFieldPage.swift in Sources */,
				A30A14BD22CB037800252DC6 /* HikeBadge.swift in Sources */,
				A30A14B022CB034500252DC6 /* ProfileSummary.swift in Sources */,
				A30A149422CB02AD00252DC6 /* Data.swift in Sources */,
				A30A14B322CB034500252DC6 /* ProfileHost.swift in Sources */,
				A30D5A2E22C9FB98004A04CD /* SceneDelegate.swift in Sources */,
				A31F138822CA156E00EACA2B /* CTScrollView.swift in Sources */,
				A30A149222CB02AD00252DC6 /* Landmark.swift in Sources */,
				A30A149A22CB02ED00252DC6 /* LandmarkList.swift in Sources */,
			);
			runOnlyForDeploymentPostprocessing = 0;
		};
		A30D5A3D22C9FB9A004A04CD /* Sources */ = {
			isa = PBXSourcesBuildPhase;
			buildActionMask = 2147483647;
			files = (
				A30D5A4622C9FB9A004A04CD /* SwiftUI_demo02Tests.swift in Sources */,
			);
			runOnlyForDeploymentPostprocessing = 0;
		};
		A30D5A4822C9FB9A004A04CD /* Sources */ = {
			isa = PBXSourcesBuildPhase;
			buildActionMask = 2147483647;
			files = (
				A30D5A5122C9FB9A004A04CD /* SwiftUI_demo02UITests.swift in Sources */,
			);
			runOnlyForDeploymentPostprocessing = 0;
		};
/* End PBXSourcesBuildPhase section */

/* Begin PBXTargetDependency section */
		A30D5A4322C9FB9A004A04CD /* PBXTargetDependency */ = {
			isa = PBXTargetDependency;
			target = A30D5A2722C9FB98004A04CD /* SwiftUI_demo02 */;
			targetProxy = A30D5A4222C9FB9A004A04CD /* PBXContainerItemProxy */;
		};
		A30D5A4E22C9FB9A004A04CD /* PBXTargetDependency */ = {
			isa = PBXTargetDependency;
			target = A30D5A2722C9FB98004A04CD /* SwiftUI_demo02 */;
			targetProxy = A30D5A4D22C9FB9A004A04CD /* PBXContainerItemProxy */;
		};
/* End PBXTargetDependency section */

/* Begin PBXVariantGroup section */
		A30D5A3922C9FB9A004A04CD /* LaunchScreen.storyboard */ = {
			isa = PBXVariantGroup;
			children = (
				A30D5A3A22C9FB9A004A04CD /* Base */,
			);
			name = LaunchScreen.storyboard;
			sourceTree = "<group>";
		};
/* End PBXVariantGroup section */

/* Begin XCBuildConfiguration section */
		A30D5A5322C9FB9A004A04CD /* Debug */ = {
			isa = XCBuildConfiguration;
			buildSettings = {
				ALWAYS_SEARCH_USER_PATHS = NO;
				CLANG_ANALYZER_NONNULL = YES;
				CLANG_ANALYZER_NUMBER_OBJECT_CONVERSION = YES_AGGRESSIVE;
				CLANG_CXX_LANGUAGE_STANDARD = "gnu++14";
				CLANG_CXX_LIBRARY = "libc++";
				CLANG_ENABLE_MODULES = YES;
				CLANG_ENABLE_OBJC_ARC = YES;
				CLANG_ENABLE_OBJC_WEAK = YES;
				CLANG_WARN_BLOCK_CAPTURE_AUTORELEASING = YES;
				CLANG_WARN_BOOL_CONVERSION = YES;
				CLANG_WARN_COMMA = YES;
				CLANG_WARN_CONSTANT_CONVERSION = YES;
				CLANG_WARN_DEPRECATED_OBJC_IMPLEMENTATIONS = YES;
				CLANG_WARN_DIRECT_OBJC_ISA_USAGE = YES_ERROR;
				CLANG_WARN_DOCUMENTATION_COMMENTS = YES;
				CLANG_WARN_EMPTY_BODY = YES;
				CLANG_WARN_ENUM_CONVERSION = YES;
				CLANG_WARN_INFINITE_RECURSION = YES;
				CLANG_WARN_INT_CONVERSION = YES;
				CLANG_WARN_NON_LITERAL_NULL_CONVERSION = YES;
				CLANG_WARN_OBJC_IMPLICIT_RETAIN_SELF = YES;
				CLANG_WARN_OBJC_LITERAL_CONVERSION = YES;
				CLANG_WARN_OBJC_ROOT_CLASS = YES_ERROR;
				CLANG_WARN_RANGE_LOOP_ANALYSIS = YES;
				CLANG_WARN_STRICT_PROTOTYPES = YES;
				CLANG_WARN_SUSPICIOUS_MOVE = YES;
				CLANG_WARN_UNGUARDED_AVAILABILITY = YES_AGGRESSIVE;
				CLANG_WARN_UNREACHABLE_CODE = YES;
				CLANG_WARN__DUPLICATE_METHOD_MATCH = YES;
				COPY_PHASE_STRIP = NO;
				DEBUG_INFORMATION_FORMAT = dwarf;
				ENABLE_STRICT_OBJC_MSGSEND = YES;
				ENABLE_TESTABILITY = YES;
				GCC_C_LANGUAGE_STANDARD = gnu11;
				GCC_DYNAMIC_NO_PIC = NO;
				GCC_NO_COMMON_BLOCKS = YES;
				GCC_OPTIMIZATION_LEVEL = 0;
				GCC_PREPROCESSOR_DEFINITIONS = (
					"DEBUG=1",
					"$(inherited)",
				);
				GCC_WARN_64_TO_32_BIT_CONVERSION = YES;
				GCC_WARN_ABOUT_RETURN_TYPE = YES_ERROR;
				GCC_WARN_UNDECLARED_SELECTOR = YES;
				GCC_WARN_UNINITIALIZED_AUTOS = YES_AGGRESSIVE;
				GCC_WARN_UNUSED_FUNCTION = YES;
				GCC_WARN_UNUSED_VARIABLE = YES;
				IPHONEOS_DEPLOYMENT_TARGET = 13.0;
				MTL_ENABLE_DEBUG_INFO = INCLUDE_SOURCE;
				MTL_FAST_MATH = YES;
				ONLY_ACTIVE_ARCH = YES;
				SDKROOT = iphoneos;
				SWIFT_ACTIVE_COMPILATION_CONDITIONS = DEBUG;
				SWIFT_OPTIMIZATION_LEVEL = "-Onone";
			};
			name = Debug;
		};
		A30D5A5422C9FB9A004A04CD /* Release */ = {
			isa = XCBuildConfiguration;
			buildSettings = {
				ALWAYS_SEARCH_USER_PATHS = NO;
				CLANG_ANALYZER_NONNULL = YES;
				CLANG_ANALYZER_NUMBER_OBJECT_CONVERSION = YES_AGGRESSIVE;
				CLANG_CXX_LANGUAGE_STANDARD = "gnu++14";
				CLANG_CXX_LIBRARY = "libc++";
				CLANG_ENABLE_MODULES = YES;
				CLANG_ENABLE_OBJC_ARC = YES;
				CLANG_ENABLE_OBJC_WEAK = YES;
				CLANG_WARN_BLOCK_CAPTURE_AUTORELEASING = YES;
				CLANG_WARN_BOOL_CONVERSION = YES;
				CLANG_WARN_COMMA = YES;
				CLANG_WARN_CONSTANT_CONVERSION = YES;
				CLANG_WARN_DEPRECATED_OBJC_IMPLEMENTATIONS = YES;
				CLANG_WARN_DIRECT_OBJC_ISA_USAGE = YES_ERROR;
				CLANG_WARN_DOCUMENTATION_COMMENTS = YES;
				CLANG_WARN_EMPTY_BODY = YES;
				CLANG_WARN_ENUM_CONVERSION = YES;
				CLANG_WARN_INFINITE_RECURSION = YES;
				CLANG_WARN_INT_CONVERSION = YES;
				CLANG_WARN_NON_LITERAL_NULL_CONVERSION = YES;
				CLANG_WARN_OBJC_IMPLICIT_RETAIN_SELF = YES;
				CLANG_WARN_OBJC_LITERAL_CONVERSION = YES;
				CLANG_WARN_OBJC_ROOT_CLASS = YES_ERROR;
				CLANG_WARN_RANGE_LOOP_ANALYSIS = YES;
				CLANG_WARN_STRICT_PROTOTYPES = YES;
				CLANG_WARN_SUSPICIOUS_MOVE = YES;
				CLANG_WARN_UNGUARDED_AVAILABILITY = YES_AGGRESSIVE;
				CLANG_WARN_UNREACHABLE_CODE = YES;
				CLANG_WARN__DUPLICATE_METHOD_MATCH = YES;
				COPY_PHASE_STRIP = NO;
				DEBUG_INFORMATION_FORMAT = "dwarf-with-dsym";
				ENABLE_NS_ASSERTIONS = NO;
				ENABLE_STRICT_OBJC_MSGSEND = YES;
				GCC_C_LANGUAGE_STANDARD = gnu11;
				GCC_NO_COMMON_BLOCKS = YES;
				GCC_WARN_64_TO_32_BIT_CONVERSION = YES;
				GCC_WARN_ABOUT_RETURN_TYPE = YES_ERROR;
				GCC_WARN_UNDECLARED_SELECTOR = YES;
				GCC_WARN_UNINITIALIZED_AUTOS = YES_AGGRESSIVE;
				GCC_WARN_UNUSED_FUNCTION = YES;
				GCC_WARN_UNUSED_VARIABLE = YES;
				IPHONEOS_DEPLOYMENT_TARGET = 13.0;
				MTL_ENABLE_DEBUG_INFO = NO;
				MTL_FAST_MATH = YES;
				SDKROOT = iphoneos;
				SWIFT_COMPILATION_MODE = wholemodule;
				SWIFT_OPTIMIZATION_LEVEL = "-O";
				VALIDATE_PRODUCT = YES;
			};
			name = Release;
		};
		A30D5A5622C9FB9A004A04CD /* Debug */ = {
			isa = XCBuildConfiguration;
			buildSettings = {
				ASSETCATALOG_COMPILER_APPICON_NAME = AppIcon;
				CODE_SIGN_STYLE = Automatic;
				DEVELOPMENT_ASSET_PATHS = "SwiftUI_demo02/Preview\\ Content";
				DEVELOPMENT_TEAM = 3472583ZP3;
				ENABLE_PREVIEWS = YES;
				INFOPLIST_FILE = SwiftUI_demo02/Info.plist;
				LD_RUNPATH_SEARCH_PATHS = (
					"$(inherited)",
					"@executable_path/Frameworks",
				);
				PRODUCT_BUNDLE_IDENTIFIER = "swiftUI-Test.SwiftUI-demo02";
				PRODUCT_NAME = "$(TARGET_NAME)";
				SWIFT_VERSION = 5.0;
				TARGETED_DEVICE_FAMILY = "1,2";
			};
			name = Debug;
		};
		A30D5A5722C9FB9A004A04CD /* Release */ = {
			isa = XCBuildConfiguration;
			buildSettings = {
				ASSETCATALOG_COMPILER_APPICON_NAME = AppIcon;
				CODE_SIGN_STYLE = Automatic;
				DEVELOPMENT_ASSET_PATHS = "SwiftUI_demo02/Preview\\ Content";
				DEVELOPMENT_TEAM = 3472583ZP3;
				ENABLE_PREVIEWS = YES;
				INFOPLIST_FILE = SwiftUI_demo02/Info.plist;
				LD_RUNPATH_SEARCH_PATHS = (
					"$(inherited)",
					"@executable_path/Frameworks",
				);
				PRODUCT_BUNDLE_IDENTIFIER = "swiftUI-Test.SwiftUI-demo02";
				PRODUCT_NAME = "$(TARGET_NAME)";
				SWIFT_VERSION = 5.0;
				TARGETED_DEVICE_FAMILY = "1,2";
			};
			name = Release;
		};
		A30D5A5922C9FB9A004A04CD /* Debug */ = {
			isa = XCBuildConfiguration;
			buildSettings = {
				ALWAYS_EMBED_SWIFT_STANDARD_LIBRARIES = YES;
				BUNDLE_LOADER = "$(TEST_HOST)";
				CODE_SIGN_STYLE = Automatic;
				DEVELOPMENT_TEAM = 3472583ZP3;
				INFOPLIST_FILE = SwiftUI_demo02Tests/Info.plist;
				LD_RUNPATH_SEARCH_PATHS = (
					"$(inherited)",
					"@executable_path/Frameworks",
					"@loader_path/Frameworks",
				);
				PRODUCT_BUNDLE_IDENTIFIER = "swiftUI-Test.SwiftUI-demo02Tests";
				PRODUCT_NAME = "$(TARGET_NAME)";
				SWIFT_VERSION = 5.0;
				TARGETED_DEVICE_FAMILY = "1,2";
				TEST_HOST = "$(BUILT_PRODUCTS_DIR)/SwiftUI_demo02.app/SwiftUI_demo02";
			};
			name = Debug;
		};
		A30D5A5A22C9FB9A004A04CD /* Release */ = {
			isa = XCBuildConfiguration;
			buildSettings = {
				ALWAYS_EMBED_SWIFT_STANDARD_LIBRARIES = YES;
				BUNDLE_LOADER = "$(TEST_HOST)";
				CODE_SIGN_STYLE = Automatic;
				DEVELOPMENT_TEAM = 3472583ZP3;
				INFOPLIST_FILE = SwiftUI_demo02Tests/Info.plist;
				LD_RUNPATH_SEARCH_PATHS = (
					"$(inherited)",
					"@executable_path/Frameworks",
					"@loader_path/Frameworks",
				);
				PRODUCT_BUNDLE_IDENTIFIER = "swiftUI-Test.SwiftUI-demo02Tests";
				PRODUCT_NAME = "$(TARGET_NAME)";
				SWIFT_VERSION = 5.0;
				TARGETED_DEVICE_FAMILY = "1,2";
				TEST_HOST = "$(BUILT_PRODUCTS_DIR)/SwiftUI_demo02.app/SwiftUI_demo02";
			};
			name = Release;
		};
		A30D5A5C22C9FB9A004A04CD /* Debug */ = {
			isa = XCBuildConfiguration;
			buildSettings = {
				ALWAYS_EMBED_SWIFT_STANDARD_LIBRARIES = YES;
				CODE_SIGN_STYLE = Automatic;
				DEVELOPMENT_TEAM = 3472583ZP3;
				INFOPLIST_FILE = SwiftUI_demo02UITests/Info.plist;
				LD_RUNPATH_SEARCH_PATHS = (
					"$(inherited)",
					"@executable_path/Frameworks",
					"@loader_path/Frameworks",
				);
				PRODUCT_BUNDLE_IDENTIFIER = "swiftUI-Test.SwiftUI-demo02UITests";
				PRODUCT_NAME = "$(TARGET_NAME)";
				SWIFT_VERSION = 5.0;
				TARGETED_DEVICE_FAMILY = "1,2";
				TEST_TARGET_NAME = SwiftUI_demo02;
			};
			name = Debug;
		};
		A30D5A5D22C9FB9A004A04CD /* Release */ = {
			isa = XCBuildConfiguration;
			buildSettings = {
				ALWAYS_EMBED_SWIFT_STANDARD_LIBRARIES = YES;
				CODE_SIGN_STYLE = Automatic;
				DEVELOPMENT_TEAM = 3472583ZP3;
				INFOPLIST_FILE = SwiftUI_demo02UITests/Info.plist;
				LD_RUNPATH_SEARCH_PATHS = (
					"$(inherited)",
					"@executable_path/Frameworks",
					"@loader_path/Frameworks",
				);
				PRODUCT_BUNDLE_IDENTIFIER = "swiftUI-Test.SwiftUI-demo02UITests";
				PRODUCT_NAME = "$(TARGET_NAME)";
				SWIFT_VERSION = 5.0;
				TARGETED_DEVICE_FAMILY = "1,2";
				TEST_TARGET_NAME = SwiftUI_demo02;
			};
			name = Release;
		};
/* End XCBuildConfiguration section */

/* Begin XCConfigurationList section */
		A30D5A2322C9FB98004A04CD /* Build configuration list for PBXProject "SwiftUI_demo02" */ = {
			isa = XCConfigurationList;
			buildConfigurations = (
				A30D5A5322C9FB9A004A04CD /* Debug */,
				A30D5A5422C9FB9A004A04CD /* Release */,
			);
			defaultConfigurationIsVisible = 0;
			defaultConfigurationName = Release;
		};
		A30D5A5522C9FB9A004A04CD /* Build configuration list for PBXNativeTarget "SwiftUI_demo02" */ = {
			isa = XCConfigurationList;
			buildConfigurations = (
				A30D5A5622C9FB9A004A04CD /* Debug */,
				A30D5A5722C9FB9A004A04CD /* Release */,
			);
			defaultConfigurationIsVisible = 0;
			defaultConfigurationName = Release;
		};
		A30D5A5822C9FB9A004A04CD /* Build configuration list for PBXNativeTarget "SwiftUI_demo02Tests" */ = {
			isa = XCConfigurationList;
			buildConfigurations = (
				A30D5A5922C9FB9A004A04CD /* Debug */,
				A30D5A5A22C9FB9A004A04CD /* Release */,
			);
			defaultConfigurationIsVisible = 0;
			defaultConfigurationName = Release;
		};
		A30D5A5B22C9FB9A004A04CD /* Build configuration list for PBXNativeTarget "SwiftUI_demo02UITests" */ = {
			isa = XCConfigurationList;
			buildConfigurations = (
				A30D5A5C22C9FB9A004A04CD /* Debug */,
				A30D5A5D22C9FB9A004A04CD /* Release */,
			);
			defaultConfigurationIsVisible = 0;
			defaultConfigurationName = Release;
		};
/* End XCConfigurationList section */

/* Begin XCVersionGroup section */
		A30D5A2F22C9FB98004A04CD /* SwiftUI_demo02.xcdatamodeld */ = {
			isa = XCVersionGroup;
			children = (
				A30D5A3022C9FB98004A04CD /* SwiftUI_demo02.xcdatamodel */,
			);
			currentVersion = A30D5A3022C9FB98004A04CD /* SwiftUI_demo02.xcdatamodel */;
			path = SwiftUI_demo02.xcdatamodeld;
			sourceTree = "<group>";
			versionGroupType = wrapper.xcdatamodel;
		};
/* End XCVersionGroup section */
	};
	rootObject = A30D5A2022C9FB98004A04CD /* Project object */;
}
